// !$*UTF8*$!
{
	archiveVersion = 1;
	classes = {
	};
	objectVersion = 46;
	objects = {

/* Begin PBXBuildFile section */
		3D324C4C1C9F86A100F9E6D0 /* FramedImageViewController.m in Sources */ = {isa = PBXBuildFile; fileRef = 3D324C4B1C9F86A100F9E6D0 /* FramedImageViewController.m */; };
		3DCFCF151C9F1CD100C31BBD /* main.m in Sources */ = {isa = PBXBuildFile; fileRef = 3DCFCF141C9F1CD100C31BBD /* main.m */; };
		3DCFCF181C9F1CD100C31BBD /* AppDelegate.m in Sources */ = {isa = PBXBuildFile; fileRef = 3DCFCF171C9F1CD100C31BBD /* AppDelegate.m */; };
		3DCFCF1B1C9F1CD100C31BBD /* ViewController.m in Sources */ = {isa = PBXBuildFile; fileRef = 3DCFCF1A1C9F1CD100C31BBD /* ViewController.m */; };
		3DCFCF1E1C9F1CD100C31BBD /* Main.storyboard in Resources */ = {isa = PBXBuildFile; fileRef = 3DCFCF1C1C9F1CD100C31BBD /* Main.storyboard */; };
		3DCFCF211C9F1CD100C31BBD /* ContactSharing.xcdatamodeld in Sources */ = {isa = PBXBuildFile; fileRef = 3DCFCF1F1C9F1CD100C31BBD /* ContactSharing.xcdatamodeld */; };
		3DCFCF231C9F1CD100C31BBD /* Assets.xcassets in Resources */ = {isa = PBXBuildFile; fileRef = 3DCFCF221C9F1CD100C31BBD /* Assets.xcassets */; };
		3DCFCF261C9F1CD100C31BBD /* LaunchScreen.storyboard in Resources */ = {isa = PBXBuildFile; fileRef = 3DCFCF241C9F1CD100C31BBD /* LaunchScreen.storyboard */; };
		3DCFCF311C9F1CD100C31BBD /* ContactSharingTests.m in Sources */ = {isa = PBXBuildFile; fileRef = 3DCFCF301C9F1CD100C31BBD /* ContactSharingTests.m */; };
		3DCFCF3C1C9F1CD100C31BBD /* ContactSharingUITests.m in Sources */ = {isa = PBXBuildFile; fileRef = 3DCFCF3B1C9F1CD100C31BBD /* ContactSharingUITests.m */; };
		3DCFCF4B1C9F1F1000C31BBD /* UIView+Points.m in Sources */ = {isa = PBXBuildFile; fileRef = 3DCFCF4A1C9F1F1000C31BBD /* UIView+Points.m */; };
/* End PBXBuildFile section */

/* Begin PBXContainerItemProxy section */
		3DCFCF2D1C9F1CD100C31BBD /* PBXContainerItemProxy */ = {
			isa = PBXContainerItemProxy;
			containerPortal = 3DCFCF081C9F1CD000C31BBD /* Project object */;
			proxyType = 1;
			remoteGlobalIDString = 3DCFCF0F1C9F1CD100C31BBD;
			remoteInfo = ContactSharing;
		};
		3DCFCF381C9F1CD100C31BBD /* PBXContainerItemProxy */ = {
			isa = PBXContainerItemProxy;
			containerPortal = 3DCFCF081C9F1CD000C31BBD /* Project object */;
			proxyType = 1;
			remoteGlobalIDString = 3DCFCF0F1C9F1CD100C31BBD;
			remoteInfo = ContactSharing;
		};
/* End PBXContainerItemProxy section */

/* Begin PBXFileReference section */
		3D324C4A1C9F86A100F9E6D0 /* FramedImageViewController.h */ = {isa = PBXFileReference; fileEncoding = 4; lastKnownFileType = sourcecode.c.h; name = FramedImageViewController.h; path = MultipurposeClasses/FramedImageViewController.h; sourceTree = "<group>"; };
		3D324C4B1C9F86A100F9E6D0 /* FramedImageViewController.m */ = {isa = PBXFileReference; fileEncoding = 4; lastKnownFileType = sourcecode.c.objc; name = FramedImageViewController.m; path = MultipurposeClasses/FramedImageViewController.m; sourceTree = "<group>"; };
		3DCFCF101C9F1CD100C31BBD /* ContactSharing.app */ = {isa = PBXFileReference; explicitFileType = wrapper.application; includeInIndex = 0; path = ContactSharing.app; sourceTree = BUILT_PRODUCTS_DIR; };
		3DCFCF141C9F1CD100C31BBD /* main.m */ = {isa = PBXFileReference; lastKnownFileType = sourcecode.c.objc; path = main.m; sourceTree = "<group>"; };
		3DCFCF161C9F1CD100C31BBD /* AppDelegate.h */ = {isa = PBXFileReference; lastKnownFileType = sourcecode.c.h; path = AppDelegate.h; sourceTree = "<group>"; };
		3DCFCF171C9F1CD100C31BBD /* AppDelegate.m */ = {isa = PBXFileReference; lastKnownFileType = sourcecode.c.objc; path = AppDelegate.m; sourceTree = "<group>"; };
		3DCFCF191C9F1CD100C31BBD /* ViewController.h */ = {isa = PBXFileReference; lastKnownFileType = sourcecode.c.h; path = ViewController.h; sourceTree = "<group>"; };
		3DCFCF1A1C9F1CD100C31BBD /* ViewController.m */ = {isa = PBXFileReference; lastKnownFileType = sourcecode.c.objc; path = ViewController.m; sourceTree = "<group>"; };
		3DCFCF1D1C9F1CD100C31BBD /* Base */ = {isa = PBXFileReference; lastKnownFileType = file.storyboard; name = Base; path = Base.lproj/Main.storyboard; sourceTree = "<group>"; };
		3DCFCF201C9F1CD100C31BBD /* ContactSharing.xcdatamodel */ = {isa = PBXFileReference; lastKnownFileType = wrapper.xcdatamodel; path = ContactSharing.xcdatamodel; sourceTree = "<group>"; };
		3DCFCF221C9F1CD100C31BBD /* Assets.xcassets */ = {isa = PBXFileReference; lastKnownFileType = folder.assetcatalog; path = Assets.xcassets; sourceTree = "<group>"; };
		3DCFCF251C9F1CD100C31BBD /* Base */ = {isa = PBXFileReference; lastKnownFileType = file.storyboard; name = Base; path = Base.lproj/LaunchScreen.storyboard; sourceTree = "<group>"; };
		3DCFCF271C9F1CD100C31BBD /* Info.plist */ = {isa = PBXFileReference; lastKnownFileType = text.plist.xml; path = Info.plist; sourceTree = "<group>"; };
		3DCFCF2C1C9F1CD100C31BBD /* ContactSharingTests.xctest */ = {isa = PBXFileReference; explicitFileType = wrapper.cfbundle; includeInIndex = 0; path = ContactSharingTests.xctest; sourceTree = BUILT_PRODUCTS_DIR; };
		3DCFCF301C9F1CD100C31BBD /* ContactSharingTests.m */ = {isa = PBXFileReference; lastKnownFileType = sourcecode.c.objc; path = ContactSharingTests.m; sourceTree = "<group>"; };
		3DCFCF321C9F1CD100C31BBD /* Info.plist */ = {isa = PBXFileReference; lastKnownFileType = text.plist.xml; path = Info.plist; sourceTree = "<group>"; };
		3DCFCF371C9F1CD100C31BBD /* ContactSharingUITests.xctest */ = {isa = PBXFileReference; explicitFileType = wrapper.cfbundle; includeInIndex = 0; path = ContactSharingUITests.xctest; sourceTree = BUILT_PRODUCTS_DIR; };
		3DCFCF3B1C9F1CD100C31BBD /* ContactSharingUITests.m */ = {isa = PBXFileReference; lastKnownFileType = sourcecode.c.objc; path = ContactSharingUITests.m; sourceTree = "<group>"; };
		3DCFCF3D1C9F1CD100C31BBD /* Info.plist */ = {isa = PBXFileReference; lastKnownFileType = text.plist.xml; path = Info.plist; sourceTree = "<group>"; };
		3DCFCF491C9F1F1000C31BBD /* UIView+Points.h */ = {isa = PBXFileReference; fileEncoding = 4; lastKnownFileType = sourcecode.c.h; name = "UIView+Points.h"; path = "MultipurposeClasses/UIView+Points.h"; sourceTree = "<group>"; };
		3DCFCF4A1C9F1F1000C31BBD /* UIView+Points.m */ = {isa = PBXFileReference; fileEncoding = 4; lastKnownFileType = sourcecode.c.objc; name = "UIView+Points.m"; path = "MultipurposeClasses/UIView+Points.m"; sourceTree = "<group>"; };
/* End PBXFileReference section */

/* Begin PBXFrameworksBuildPhase section */
		3DCFCF0D1C9F1CD100C31BBD /* Frameworks */ = {
			isa = PBXFrameworksBuildPhase;
			buildActionMask = 2147483647;
			files = (
			);
			runOnlyForDeploymentPostprocessing = 0;
		};
		3DCFCF291C9F1CD100C31BBD /* Frameworks */ = {
			isa = PBXFrameworksBuildPhase;
			buildActionMask = 2147483647;
			files = (
			);
			runOnlyForDeploymentPostprocessing = 0;
		};
		3DCFCF341C9F1CD100C31BBD /* Frameworks */ = {
			isa = PBXFrameworksBuildPhase;
			buildActionMask = 2147483647;
			files = (
			);
			runOnlyForDeploymentPostprocessing = 0;
		};
/* End PBXFrameworksBuildPhase section */

/* Begin PBXGroup section */
		3DCFCF071C9F1CD000C31BBD = {
			isa = PBXGroup;
			children = (
				3DCFCF121C9F1CD100C31BBD /* ContactSharing */,
				3DCFCF2F1C9F1CD100C31BBD /* ContactSharingTests */,
				3DCFCF3A1C9F1CD100C31BBD /* ContactSharingUITests */,
				3DCFCF111C9F1CD100C31BBD /* Products */,
			);
			sourceTree = "<group>";
		};
		3DCFCF111C9F1CD100C31BBD /* Products */ = {
			isa = PBXGroup;
			children = (
				3DCFCF101C9F1CD100C31BBD /* ContactSharing.app */,
				3DCFCF2C1C9F1CD100C31BBD /* ContactSharingTests.xctest */,
				3DCFCF371C9F1CD100C31BBD /* ContactSharingUITests.xctest */,
			);
			name = Products;
			sourceTree = "<group>";
		};
		3DCFCF121C9F1CD100C31BBD /* ContactSharing */ = {
			isa = PBXGroup;
			children = (
				3DCFCF161C9F1CD100C31BBD /* AppDelegate.h */,
				3DCFCF171C9F1CD100C31BBD /* AppDelegate.m */,
				3DCFCF191C9F1CD100C31BBD /* ViewController.h */,
				3DCFCF1A1C9F1CD100C31BBD /* ViewController.m */,
				3D324C4A1C9F86A100F9E6D0 /* FramedImageViewController.h */,
				3D324C4B1C9F86A100F9E6D0 /* FramedImageViewController.m */,
				3DCFCF491C9F1F1000C31BBD /* UIView+Points.h */,
				3DCFCF4A1C9F1F1000C31BBD /* UIView+Points.m */,
				3DCFCF1C1C9F1CD100C31BBD /* Main.storyboard */,
				3DCFCF221C9F1CD100C31BBD /* Assets.xcassets */,
				3DCFCF241C9F1CD100C31BBD /* LaunchScreen.storyboard */,
				3DCFCF271C9F1CD100C31BBD /* Info.plist */,
				3DCFCF1F1C9F1CD100C31BBD /* ContactSharing.xcdatamodeld */,
				3DCFCF131C9F1CD100C31BBD /* Supporting Files */,
			);
			path = ContactSharing;
			sourceTree = "<group>";
		};
		3DCFCF131C9F1CD100C31BBD /* Supporting Files */ = {
			isa = PBXGroup;
			children = (
				3DCFCF141C9F1CD100C31BBD /* main.m */,
			);
			name = "Supporting Files";
			sourceTree = "<group>";
		};
		3DCFCF2F1C9F1CD100C31BBD /* ContactSharingTests */ = {
			isa = PBXGroup;
			children = (
				3DCFCF301C9F1CD100C31BBD /* ContactSharingTests.m */,
				3DCFCF321C9F1CD100C31BBD /* Info.plist */,
			);
			path = ContactSharingTests;
			sourceTree = "<group>";
		};
		3DCFCF3A1C9F1CD100C31BBD /* ContactSharingUITests */ = {
			isa = PBXGroup;
			children = (
				3DCFCF3B1C9F1CD100C31BBD /* ContactSharingUITests.m */,
				3DCFCF3D1C9F1CD100C31BBD /* Info.plist */,
			);
			path = ContactSharingUITests;
			sourceTree = "<group>";
		};
/* End PBXGroup section */

/* Begin PBXNativeTarget section */
		3DCFCF0F1C9F1CD100C31BBD /* ContactSharing */ = {
			isa = PBXNativeTarget;
			buildConfigurationList = 3DCFCF401C9F1CD100C31BBD /* Build configuration list for PBXNativeTarget "ContactSharing" */;
			buildPhases = (
				3DCFCF0C1C9F1CD100C31BBD /* Sources */,
				3DCFCF0D1C9F1CD100C31BBD /* Frameworks */,
				3DCFCF0E1C9F1CD100C31BBD /* Resources */,
			);
			buildRules = (
			);
			dependencies = (
			);
			name = ContactSharing;
			productName = ContactSharing;
			productReference = 3DCFCF101C9F1CD100C31BBD /* ContactSharing.app */;
			productType = "com.apple.product-type.application";
		};
		3DCFCF2B1C9F1CD100C31BBD /* ContactSharingTests */ = {
			isa = PBXNativeTarget;
			buildConfigurationList = 3DCFCF431C9F1CD100C31BBD /* Build configuration list for PBXNativeTarget "ContactSharingTests" */;
			buildPhases = (
				3DCFCF281C9F1CD100C31BBD /* Sources */,
				3DCFCF291C9F1CD100C31BBD /* Frameworks */,
				3DCFCF2A1C9F1CD100C31BBD /* Resources */,
			);
			buildRules = (
			);
			dependencies = (
				3DCFCF2E1C9F1CD100C31BBD /* PBXTargetDependency */,
			);
			name = ContactSharingTests;
			productName = ContactSharingTests;
			productReference = 3DCFCF2C1C9F1CD100C31BBD /* ContactSharingTests.xctest */;
			productType = "com.apple.product-type.bundle.unit-test";
		};
		3DCFCF361C9F1CD100C31BBD /* ContactSharingUITests */ = {
			isa = PBXNativeTarget;
			buildConfigurationList = 3DCFCF461C9F1CD100C31BBD /* Build configuration list for PBXNativeTarget "ContactSharingUITests" */;
			buildPhases = (
				3DCFCF331C9F1CD100C31BBD /* Sources */,
				3DCFCF341C9F1CD100C31BBD /* Frameworks */,
				3DCFCF351C9F1CD100C31BBD /* Resources */,
			);
			buildRules = (
			);
			dependencies = (
				3DCFCF391C9F1CD100C31BBD /* PBXTargetDependency */,
			);
			name = ContactSharingUITests;
			productName = ContactSharingUITests;
			productReference = 3DCFCF371C9F1CD100C31BBD /* ContactSharingUITests.xctest */;
			productType = "com.apple.product-type.bundle.ui-testing";
		};
/* End PBXNativeTarget section */

/* Begin PBXProject section */
		3DCFCF081C9F1CD000C31BBD /* Project object */ = {
			isa = PBXProject;
			attributes = {
				LastUpgradeCheck = 0720;
				ORGANIZATIONNAME = SilentLupin;
				TargetAttributes = {
					3DCFCF0F1C9F1CD100C31BBD = {
						CreatedOnToolsVersion = 7.2;
					};
					3DCFCF2B1C9F1CD100C31BBD = {
						CreatedOnToolsVersion = 7.2;
						TestTargetID = 3DCFCF0F1C9F1CD100C31BBD;
					};
					3DCFCF361C9F1CD100C31BBD = {
						CreatedOnToolsVersion = 7.2;
						TestTargetID = 3DCFCF0F1C9F1CD100C31BBD;
					};
				};
			};
			buildConfigurationList = 3DCFCF0B1C9F1CD000C31BBD /* Build configuration list for PBXProject "ContactSharing" */;
			compatibilityVersion = "Xcode 3.2";
			developmentRegion = English;
			hasScannedForEncodings = 0;
			knownRegions = (
				en,
				Base,
			);
			mainGroup = 3DCFCF071C9F1CD000C31BBD;
			productRefGroup = 3DCFCF111C9F1CD100C31BBD /* Products */;
			projectDirPath = "";
			projectRoot = "";
			targets = (
				3DCFCF0F1C9F1CD100C31BBD /* ContactSharing */,
				3DCFCF2B1C9F1CD100C31BBD /* ContactSharingTests */,
				3DCFCF361C9F1CD100C31BBD /* ContactSharingUITests */,
			);
		};
/* End PBXProject section */

/* Begin PBXResourcesBuildPhase section */
		3DCFCF0E1C9F1CD100C31BBD /* Resources */ = {
			isa = PBXResourcesBuildPhase;
			buildActionMask = 2147483647;
			files = (
				3DCFCF261C9F1CD100C31BBD /* LaunchScreen.storyboard in Resources */,
				3DCFCF231C9F1CD100C31BBD /* Assets.xcassets in Resources */,
				3DCFCF1E1C9F1CD100C31BBD /* Main.storyboard in Resources */,
			);
			runOnlyForDeploymentPostprocessing = 0;
		};
		3DCFCF2A1C9F1CD100C31BBD /* Resources */ = {
			isa = PBXResourcesBuildPhase;
			buildActionMask = 2147483647;
			files = (
			);
			runOnlyForDeploymentPostprocessing = 0;
		};
		3DCFCF351C9F1CD100C31BBD /* Resources */ = {
			isa = PBXResourcesBuildPhase;
			buildActionMask = 2147483647;
			files = (
			);
			runOnlyForDeploymentPostprocessing = 0;
		};
/* End PBXResourcesBuildPhase section */

/* Begin PBXSourcesBuildPhase section */
		3DCFCF0C1C9F1CD100C31BBD /* Sources */ = {
			isa = PBXSourcesBuildPhase;
			buildActionMask = 2147483647;
			files = (
				3DCFCF1B1C9F1CD100C31BBD /* ViewController.m in Sources */,
				3D324C4C1C9F86A100F9E6D0 /* FramedImageViewController.m in Sources */,
				3DCFCF181C9F1CD100C31BBD /* AppDelegate.m in Sources */,
				3DCFCF4B1C9F1F1000C31BBD /* UIView+Points.m in Sources */,
				3DCFCF151C9F1CD100C31BBD /* main.m in Sources */,
				3DCFCF211C9F1CD100C31BBD /* ContactSharing.xcdatamodeld in Sources */,
			);
			runOnlyForDeploymentPostprocessing = 0;
		};
		3DCFCF281C9F1CD100C31BBD /* Sources */ = {
			isa = PBXSourcesBuildPhase;
			buildActionMask = 2147483647;
			files = (
				3DCFCF311C9F1CD100C31BBD /* ContactSharingTests.m in Sources */,
			);
			runOnlyForDeploymentPostprocessing = 0;
		};
		3DCFCF331C9F1CD100C31BBD /* Sources */ = {
			isa = PBXSourcesBuildPhase;
			buildActionMask = 2147483647;
			files = (
				3DCFCF3C1C9F1CD100C31BBD /* ContactSharingUITests.m in Sources */,
			);
			runOnlyForDeploymentPostprocessing = 0;
		};
/* End PBXSourcesBuildPhase section */

/* Begin PBXTargetDependency section */
		3DCFCF2E1C9F1CD100C31BBD /* PBXTargetDependency */ = {
			isa = PBXTargetDependency;
			target = 3DCFCF0F1C9F1CD100C31BBD /* ContactSharing */;
			targetProxy = 3DCFCF2D1C9F1CD100C31BBD /* PBXContainerItemProxy */;
		};
		3DCFCF391C9F1CD100C31BBD /* PBXTargetDependency */ = {
			isa = PBXTargetDependency;
			target = 3DCFCF0F1C9F1CD100C31BBD /* ContactSharing */;
			targetProxy = 3DCFCF381C9F1CD100C31BBD /* PBXContainerItemProxy */;
		};
/* End PBXTargetDependency section */

/* Begin PBXVariantGroup section */
		3DCFCF1C1C9F1CD100C31BBD /* Main.storyboard */ = {
			isa = PBXVariantGroup;
			children = (
				3DCFCF1D1C9F1CD100C31BBD /* Base */,
			);
			name = Main.storyboard;
			sourceTree = "<group>";
		};
		3DCFCF241C9F1CD100C31BBD /* LaunchScreen.storyboard */ = {
			isa = PBXVariantGroup;
			children = (
				3DCFCF251C9F1CD100C31BBD /* Base */,
			);
			name = LaunchScreen.storyboard;
			sourceTree = "<group>";
		};
/* End PBXVariantGroup section */

/* Begin XCBuildConfiguration section */
		3DCFCF3E1C9F1CD100C31BBD /* Debug */ = {
			isa = XCBuildConfiguration;
			buildSettings = {
				ALWAYS_SEARCH_USER_PATHS = NO;
				CLANG_CXX_LANGUAGE_STANDARD = "gnu++0x";
				CLANG_CXX_LIBRARY = "libc++";
				CLANG_ENABLE_MODULES = YES;
				CLANG_ENABLE_OBJC_ARC = YES;
				CLANG_WARN_BOOL_CONVERSION = YES;
				CLANG_WARN_CONSTANT_CONVERSION = YES;
				CLANG_WARN_DIRECT_OBJC_ISA_USAGE = YES_ERROR;
				CLANG_WARN_EMPTY_BODY = YES;
				CLANG_WARN_ENUM_CONVERSION = YES;
				CLANG_WARN_INT_CONVERSION = YES;
				CLANG_WARN_OBJC_ROOT_CLASS = YES_ERROR;
				CLANG_WARN_UNREACHABLE_CODE = YES;
				CLANG_WARN__DUPLICATE_METHOD_MATCH = YES;
				"CODE_SIGN_IDENTITY[sdk=iphoneos*]" = "iPhone Developer";
				COPY_PHASE_STRIP = NO;
				DEBUG_INFORMATION_FORMAT = dwarf;
				ENABLE_STRICT_OBJC_MSGSEND = YES;
				ENABLE_TESTABILITY = YES;
				GCC_C_LANGUAGE_STANDARD = gnu99;
				GCC_DYNAMIC_NO_PIC = NO;
				GCC_NO_COMMON_BLOCKS = YES;
				GCC_OPTIMIZATION_LEVEL = 0;
				GCC_PREPROCESSOR_DEFINITIONS = (
					"DEBUG=1",
					"$(inherited)",
				);
				GCC_WARN_64_TO_32_BIT_CONVERSION = YES;
				GCC_WARN_ABOUT_RETURN_TYPE = YES_ERROR;
				GCC_WARN_UNDECLARED_SELECTOR = YES;
				GCC_WARN_UNINITIALIZED_AUTOS = YES_AGGRESSIVE;
				GCC_WARN_UNUSED_FUNCTION = YES;
				GCC_WARN_UNUSED_VARIABLE = YES;
				IPHONEOS_DEPLOYMENT_TARGET = 9.2;
				MTL_ENABLE_DEBUG_INFO = YES;
				ONLY_ACTIVE_ARCH = YES;
				SDKROOT = iphoneos;
			};
			name = Debug;
		};
		3DCFCF3F1C9F1CD100C31BBD /* Release */ = {
			isa = XCBuildConfiguration;
			buildSettings = {
				ALWAYS_SEARCH_USER_PATHS = NO;
				CLANG_CXX_LANGUAGE_STANDARD = "gnu++0x";
				CLANG_CXX_LIBRARY = "libc++";
				CLANG_ENABLE_MODULES = YES;
				CLANG_ENABLE_OBJC_ARC = YES;
				CLANG_WARN_BOOL_CONVERSION = YES;
				CLANG_WARN_CONSTANT_CONVERSION = YES;
				CLANG_WARN_DIRECT_OBJC_ISA_USAGE = YES_ERROR;
				CLANG_WARN_EMPTY_BODY = YES;
				CLANG_WARN_ENUM_CONVERSION = YES;
				CLANG_WARN_INT_CONVERSION = YES;
				CLANG_WARN_OBJC_ROOT_CLASS = YES_ERROR;
				CLANG_WARN_UNREACHABLE_CODE = YES;
				CLANG_WARN__DUPLICATE_METHOD_MATCH = YES;
				"CODE_SIGN_IDENTITY[sdk=iphoneos*]" = "iPhone Developer";
				COPY_PHASE_STRIP = NO;
				DEBUG_INFORMATION_FORMAT = "dwarf-with-dsym";
				ENABLE_NS_ASSERTIONS = NO;
				ENABLE_STRICT_OBJC_MSGSEND = YES;
				GCC_C_LANGUAGE_STANDARD = gnu99;
				GCC_NO_COMMON_BLOCKS = YES;
				GCC_WARN_64_TO_32_BIT_CONVERSION = YES;
				GCC_WARN_ABOUT_RETURN_TYPE = YES_ERROR;
				GCC_WARN_UNDECLARED_SELECTOR = YES;
				GCC_WARN_UNINITIALIZED_AUTOS = YES_AGGRESSIVE;
				GCC_WARN_UNUSED_FUNCTION = YES;
				GCC_WARN_UNUSED_VARIABLE = YES;
				IPHONEOS_DEPLOYMENT_TARGET = 9.2;
				MTL_ENABLE_DEBUG_INFO = NO;
				SDKROOT = iphoneos;
				VALIDATE_PRODUCT = YES;
			};
			name = Release;
		};
		3DCFCF411C9F1CD100C31BBD /* Debug */ = {
			isa = XCBuildConfiguration;
			buildSettings = {
				ASSETCATALOG_COMPILER_APPICON_NAME = AppIcon;
				INFOPLIST_FILE = ContactSharing/Info.plist;
				LD_RUNPATH_SEARCH_PATHS = "$(inherited) @executable_path/Frameworks";
				PRODUCT_BUNDLE_IDENTIFIER = com.mullan.ContactSharing;
				PRODUCT_NAME = "$(TARGET_NAME)";
			};
			name = Debug;
		};
		3DCFCF421C9F1CD100C31BBD /* Release */ = {
			isa = XCBuildConfiguration;
			buildSettings = {
				ASSETCATALOG_COMPILER_APPICON_NAME = AppIcon;
				INFOPLIST_FILE = ContactSharing/Info.plist;
				LD_RUNPATH_SEARCH_PATHS = "$(inherited) @executable_path/Frameworks";
				PRODUCT_BUNDLE_IDENTIFIER = com.mullan.ContactSharing;
				PRODUCT_NAME = "$(TARGET_NAME)";
			};
			name = Release;
		};
		3DCFCF441C9F1CD100C31BBD /* Debug */ = {
			isa = XCBuildConfiguration;
			buildSettings = {
				BUNDLE_LOADER = "$(TEST_HOST)";
				INFOPLIST_FILE = ContactSharingTests/Info.plist;
				LD_RUNPATH_SEARCH_PATHS = "$(inherited) @executable_path/Frameworks @loader_path/Frameworks";
				PRODUCT_BUNDLE_IDENTIFIER = com.mullan.ContactSharingTests;
				PRODUCT_NAME = "$(TARGET_NAME)";
				TEST_HOST = "$(BUILT_PRODUCTS_DIR)/ContactSharing.app/ContactSharing";
			};
			name = Debug;
		};
		3DCFCF451C9F1CD100C31BBD /* Release */ = {
			isa = XCBuildConfiguration;
			buildSettings = {
				BUNDLE_LOADER = "$(TEST_HOST)";
				INFOPLIST_FILE = ContactSharingTests/Info.plist;
				LD_RUNPATH_SEARCH_PATHS = "$(inherited) @executable_path/Frameworks @loader_path/Frameworks";
				PRODUCT_BUNDLE_IDENTIFIER = com.mullan.ContactSharingTests;
				PRODUCT_NAME = "$(TARGET_NAME)";
				TEST_HOST = "$(BUILT_PRODUCTS_DIR)/ContactSharing.app/ContactSharing";
			};
			name = Release;
		};
		3DCFCF471C9F1CD100C31BBD /* Debug */ = {
			isa = XCBuildConfiguration;
			buildSettings = {
				INFOPLIST_FILE = ContactSharingUITests/Info.plist;
				LD_RUNPATH_SEARCH_PATHS = "$(inherited) @executable_path/Frameworks @loader_path/Frameworks";
				PRODUCT_BUNDLE_IDENTIFIER = com.mullan.ContactSharingUITests;
				PRODUCT_NAME = "$(TARGET_NAME)";
				TEST_TARGET_NAME = ContactSharing;
				USES_XCTRUNNER = YES;
			};
			name = Debug;
		};
		3DCFCF481C9F1CD100C31BBD /* Release */ = {
			isa = XCBuildConfiguration;
			buildSettings = {
				INFOPLIST_FILE = ContactSharingUITests/Info.plist;
				LD_RUNPATH_SEARCH_PATHS = "$(inherited) @executable_path/Frameworks @loader_path/Frameworks";
				PRODUCT_BUNDLE_IDENTIFIER = com.mullan.ContactSharingUITests;
				PRODUCT_NAME = "$(TARGET_NAME)";
				TEST_TARGET_NAME = ContactSharing;
				USES_XCTRUNNER = YES;
			};
			name = Release;
		};
/* End XCBuildConfiguration section */

/* Begin XCConfigurationList section */
		3DCFCF0B1C9F1CD000C31BBD /* Build configuration list for PBXProject "ContactSharing" */ = {
			isa = XCConfigurationList;
			buildConfigurations = (
				3DCFCF3E1C9F1CD100C31BBD /* Debug */,
				3DCFCF3F1C9F1CD100C31BBD /* Release */,
			);
			defaultConfigurationIsVisible = 0;
			defaultConfigurationName = Release;
		};
		3DCFCF401C9F1CD100C31BBD /* Build configuration list for PBXNativeTarget "ContactSharing" */ = {
			isa = XCConfigurationList;
			buildConfigurations = (
				3DCFCF411C9F1CD100C31BBD /* Debug */,
				3DCFCF421C9F1CD100C31BBD /* Release */,
			);
			defaultConfigurationIsVisible = 0;
			defaultConfigurationName = Release;
		};
		3DCFCF431C9F1CD100C31BBD /* Build configuration list for PBXNativeTarget "ContactSharingTests" */ = {
			isa = XCConfigurationList;
			buildConfigurations = (
				3DCFCF441C9F1CD100C31BBD /* Debug */,
				3DCFCF451C9F1CD100C31BBD /* Release */,
			);
			defaultConfigurationIsVisible = 0;
			defaultConfigurationName = Release;
		};
		3DCFCF461C9F1CD100C31BBD /* Build configuration list for PBXNativeTarget "ContactSharingUITests" */ = {
			isa = XCConfigurationList;
			buildConfigurations = (
				3DCFCF471C9F1CD100C31BBD /* Debug */,
				3DCFCF481C9F1CD100C31BBD /* Release */,
			);
			defaultConfigurationIsVisible = 0;
			defaultConfigurationName = Release;
		};
/* End XCConfigurationList section */

/* Begin XCVersionGroup section */
		3DCFCF1F1C9F1CD100C31BBD /* ContactSharing.xcdatamodeld */ = {
			isa = XCVersionGroup;
			children = (
				3DCFCF201C9F1CD100C31BBD /* ContactSharing.xcdatamodel */,
			);
			currentVersion = 3DCFCF201C9F1CD100C31BBD /* ContactSharing.xcdatamodel */;
			path = ContactSharing.xcdatamodeld;
			sourceTree = "<group>";
			versionGroupType = wrapper.xcdatamodel;
		};
/* End XCVersionGroup section */
	};
	rootObject = 3DCFCF081C9F1CD000C31BBD /* Project object */;
}
